<?xml version="1.0" encoding="UTF-8" standalone="yes" ?>
<CodeBlocks_project_file>
	<FileVersion major="1" minor="6" />
	<Project>
		<Option title="spritefont" />
		<Option pch_mode="2" />
		<Option compiler="cc65" />
		<Build>
			<Target title="Release">
				<Option output="spritefont.prg" prefix_auto="0" extension_auto="0" />
				<Option object_output="obj/Release/" />
				<Option external_deps="bitstream;" />
				<Option type="1" />
				<Option compiler="cc65" />
			</Target>
			<Target title="sprfont_wth_viewer">
				<Option output="spritefont_wth_viewer.prg" prefix_auto="0" extension_auto="0" />
				<Option object_output="obj/Release/" />
				<Option type="1" />
				<Option compiler="cc65" />
				<Linker>
					<Add option="-C spritefont.cfg" />
				</Linker>
			</Target>
			<Target title="sprfont_wth_viewer2">
				<Option output="spritefont_wth_viewer2.prg" prefix_auto="0" extension_auto="0" />
				<Option object_output="obj/Release/" />
				<Option type="1" />
				<Option compiler="cc65" />
				<Linker>
					<Add option="-C spritefont.cfg" />
				</Linker>
			</Target>
			<Target title="sprfont_wth_viewer3">
				<Option output="spritefont_wth_viewer3.prg" prefix_auto="0" extension_auto="0" />
				<Option object_output="obj/Release/" />
				<Option type="1" />
				<Option compiler="cc65" />
				<Linker>
					<Add option="-C spritefont.cfg" />
				</Linker>
			</Target>
		</Build>
		<Compiler>
			<Add directory="../include" />
		</Compiler>
		<Linker>
			<Add option="-t none" />
			<Add directory="../" />
		</Linker>
		<Unit filename="6x4charset.txt" />
		<Unit filename="_spritefont.lst">
			<Option target="Release" />
			<Option target="sprfont_wth_viewer" />
		</Unit>
		<Unit filename="_spritefont.s">
			<Option target="Release" />
			<Option target="sprfont_wth_viewer" />
		</Unit>
		<Unit filename="_spritefont2.lst">
			<Option target="Release" />
			<Option target="sprfont_wth_viewer" />
			<Option target="sprfont_wth_viewer2" />
		</Unit>
		<Unit filename="_spritefont2.s">
			<Option target="Release" />
			<Option target="sprfont_wth_viewer" />
			<Option target="sprfont_wth_viewer2" />
		</Unit>
		<Unit filename="_spritefont3.s" />
		<Unit filename="garbageFiller.s" />
		<Unit filename="spritefont.c">
			<Option compilerVar="CC" />
			<Option target="Release" />
		</Unit>
		<Unit filename="spritefont.cfg" />
		<Unit filename="spritefont_wth_viewer.map">
			<Option target="Release" />
			<Option target="sprfont_wth_viewer" />
			<Option target="sprfont_wth_viewer2" />
		</Unit>
		<Unit filename="spritefont_wth_viewer2.map">
			<Option target="Release" />
			<Option target="sprfont_wth_viewer" />
			<Option target="sprfont_wth_viewer2" />
		</Unit>
		<Unit filename="tables.c">
			<Option compilerVar="CC" />
		</Unit>
		<Unit filename="viewer.s">
			<Option target="sprfont_wth_viewer" />
			<Option target="sprfont_wth_viewer2" />
			<Option target="sprfont_wth_viewer3" />
		</Unit>
		<Unit filename="viewer_startup.c">
			<Option compilerVar="CC" />
			<Option compile="0" />
			<Option link="0" />
			<Option target="&lt;{~None~}&gt;" />
		</Unit>
		<Extensions>
			<code_completion />
			<envvars />
			<debugger />
		</Extensions>
	</Project>
</CodeBlocks_project_file>
